
Microsoft Visual Studio Solution File, Format Version 12.00
# Visual Studio Version 17
VisualStudioVersion = 17.9.34607.119
MinimumVisualStudioVersion = 10.0.40219.1
Project("{FAE04EC0-301F-11D3-BF4B-00C04F79EFBC}") = "Intro", "Intro\Intro.csproj", "{82F9F0A9-81D4-4961-83B1-25C84B5E1255}"
EndProject
Project("{FAE04EC0-301F-11D3-BF4B-00C04F79EFBC}") = "Calculator", "Calculator\Calculator.csproj", "{FD19DA8F-78DA-4758-B95A-E8A51AC9C701}"
EndProject
Global
	GlobalSection(SolutionConfigurationPlatforms) = preSolution
		Debug|Any CPU = Debug|Any CPU
		Release|Any CPU = Release|Any CPU
	EndGlobalSection
	GlobalSection(ProjectConfigurationPlatforms) = postSolution
		{82F9F0A9-81D4-4961-83B1-25C84B5E1255}.Debug|Any CPU.ActiveCfg = Debug|Any CPU
		{82F9F0A9-81D4-4961-83B1-25C84B5E1255}.Debug|Any CPU.Build.0 = Debug|Any CPU
		{82F9F0A9-81D4-4961-83B1-25C84B5E1255}.Release|Any CPU.ActiveCfg = Release|Any CPU
		{82F9F0A9-81D4-4961-83B1-25C84B5E1255}.Release|Any CPU.Build.0 = Release|Any CPU
		{FD19DA8F-78DA-4758-B95A-E8A51AC9C701}.Debug|Any CPU.ActiveCfg = Debug|Any CPU
		{FD19DA8F-78DA-4758-B95A-E8A51AC9C701}.Debug|Any CPU.Build.0 = Debug|Any CPU
		{FD19DA8F-78DA-4758-B95A-E8A51AC9C701}.Release|Any CPU.ActiveCfg = Release|Any CPU
		{FD19DA8F-78DA-4758-B95A-E8A51AC9C701}.Release|Any CPU.Build.0 = Release|Any CPU
	EndGlobalSection
	GlobalSection(SolutionProperties) = preSolution
		HideSolutionNode = FALSE
	EndGlobalSection
	GlobalSection(ExtensibilityGlobals) = postSolution
		SolutionGuid = {2A43FB9B-D3F5-44A1-AD35-6346D62025FA}
	EndGlobalSection
EndGlobal
