
Microsoft Visual Studio Solution File, Format Version 12.00
# Visual Studio Version 17
VisualStudioVersion = 17.9.34607.119
MinimumVisualStudioVersion = 10.0.40219.1
Project("{FAE04EC0-301F-11D3-BF4B-00C04F79EFBC}") = "04_controls_3", "04_controls_3\04_controls_3.csproj", "{388F8941-FBAF-4E8F-BB6C-9F132BFE0985}"
EndProject
Global
	GlobalSection(SolutionConfigurationPlatforms) = preSolution
		Debug|Any CPU = Debug|Any CPU
		Release|Any CPU = Release|Any CPU
	EndGlobalSection
	GlobalSection(ProjectConfigurationPlatforms) = postSolution
		{388F8941-FBAF-4E8F-BB6C-9F132BFE0985}.Debug|Any CPU.ActiveCfg = Debug|Any CPU
		{388F8941-FBAF-4E8F-BB6C-9F132BFE0985}.Debug|Any CPU.Build.0 = Debug|Any CPU
		{388F8941-FBAF-4E8F-BB6C-9F132BFE0985}.Release|Any CPU.ActiveCfg = Release|Any CPU
		{388F8941-FBAF-4E8F-BB6C-9F132BFE0985}.Release|Any CPU.Build.0 = Release|Any CPU
	EndGlobalSection
	GlobalSection(SolutionProperties) = preSolution
		HideSolutionNode = FALSE
	EndGlobalSection
	GlobalSection(ExtensibilityGlobals) = postSolution
		SolutionGuid = {EEB0E739-4BF1-41CF-811D-B3B330D68651}
	EndGlobalSection
EndGlobal
